
Microsoft Visual Studio Solution File, Format Version 12.00
# Visual Studio 15
VisualStudioVersion = 15.0.28307.421
MinimumVisualStudioVersion = 10.0.40219.1
Project("{FAE04EC0-301F-11D3-BF4B-00C04F79EFBC}") = "Layouts.Android", "Layouts\Layouts.Android\Layouts.Android.csproj", "{2821E81F-4CD5-4F23-B6C0-FF9B8DD95A24}"
EndProject
Project("{FAE04EC0-301F-11D3-BF4B-00C04F79EFBC}") = "Layouts.iOS", "Layouts\Layouts.iOS\Layouts.iOS.csproj", "{808F44B2-B2A3-4B2D-B765-CED6D199069B}"
EndProject
Project("{FAE04EC0-301F-11D3-BF4B-00C04F79EFBC}") = "Layouts", "Layouts\Layouts\Layouts.csproj", "{C915E91D-60E9-43FF-849D-624F7CF588EC}"
EndProject
Global
	GlobalSection(SolutionConfigurationPlatforms) = preSolution
		Ad-Hoc|Any CPU = Ad-Hoc|Any CPU
		Ad-Hoc|iPhone = Ad-Hoc|iPhone
		Ad-Hoc|iPhoneSimulator = Ad-Hoc|iPhoneSimulator
		AppStore|Any CPU = AppStore|Any CPU
		AppStore|iPhone = AppStore|iPhone
		AppStore|iPhoneSimulator = AppStore|iPhoneSimulator
		Debug|Any CPU = Debug|Any CPU
		Debug|iPhone = Debug|iPhone
		Debug|iPhoneSimulator = Debug|iPhoneSimulator
		Release|Any CPU = Release|Any CPU
		Release|iPhone = Release|iPhone
		Release|iPhoneSimulator = Release|iPhoneSimulator
	EndGlobalSection
	GlobalSection(ProjectConfigurationPlatforms) = postSolution
		{2821E81F-4CD5-4F23-B6C0-FF9B8DD95A24}.Ad-Hoc|Any CPU.ActiveCfg = Release|Any CPU
		{2821E81F-4CD5-4F23-B6C0-FF9B8DD95A24}.Ad-Hoc|Any CPU.Build.0 = Release|Any CPU
		{2821E81F-4CD5-4F23-B6C0-FF9B8DD95A24}.Ad-Hoc|Any CPU.Deploy.0 = Release|Any CPU
		{2821E81F-4CD5-4F23-B6C0-FF9B8DD95A24}.Ad-Hoc|iPhone.ActiveCfg = Release|Any CPU
		{2821E81F-4CD5-4F23-B6C0-FF9B8DD95A24}.Ad-Hoc|iPhone.Build.0 = Release|Any CPU
		{2821E81F-4CD5-4F23-B6C0-FF9B8DD95A24}.Ad-Hoc|iPhone.Deploy.0 = Release|Any CPU
		{2821E81F-4CD5-4F23-B6C0-FF9B8DD95A24}.Ad-Hoc|iPhoneSimulator.ActiveCfg = Release|Any CPU
		{2821E81F-4CD5-4F23-B6C0-FF9B8DD95A24}.Ad-Hoc|iPhoneSimulator.Build.0 = Release|Any CPU
		{2821E81F-4CD5-4F23-B6C0-FF9B8DD95A24}.Ad-Hoc|iPhoneSimulator.Deploy.0 = Release|Any CPU
		{2821E81F-4CD5-4F23-B6C0-FF9B8DD95A24}.AppStore|Any CPU.ActiveCfg = Release|Any CPU
		{2821E81F-4CD5-4F23-B6C0-FF9B8DD95A24}.AppStore|Any CPU.Build.0 = Release|Any CPU
		{2821E81F-4CD5-4F23-B6C0-FF9B8DD95A24}.AppStore|Any CPU.Deploy.0 = Release|Any CPU
		{2821E81F-4CD5-4F23-B6C0-FF9B8DD95A24}.AppStore|iPhone.ActiveCfg = Release|Any CPU
		{2821E81F-4CD5-4F23-B6C0-FF9B8DD95A24}.AppStore|iPhone.Build.0 = Release|Any CPU
		{2821E81F-4CD5-4F23-B6C0-FF9B8DD95A24}.AppStore|iPhone.Deploy.0 = Release|Any CPU
		{2821E81F-4CD5-4F23-B6C0-FF9B8DD95A24}.AppStore|iPhoneSimulator.ActiveCfg = Release|Any CPU
		{2821E81F-4CD5-4F23-B6C0-FF9B8DD95A24}.AppStore|iPhoneSimulator.Build.0 = Release|Any CPU
		{2821E81F-4CD5-4F23-B6C0-FF9B8DD95A24}.AppStore|iPhoneSimulator.Deploy.0 = Release|Any CPU
		{2821E81F-4CD5-4F23-B6C0-FF9B8DD95A24}.Debug|Any CPU.ActiveCfg = Debug|Any CPU
		{2821E81F-4CD5-4F23-B6C0-FF9B8DD95A24}.Debug|Any CPU.Build.0 = Debug|Any CPU
		{2821E81F-4CD5-4F23-B6C0-FF9B8DD95A24}.Debug|Any CPU.Deploy.0 = Debug|Any CPU
		{2821E81F-4CD5-4F23-B6C0-FF9B8DD95A24}.Debug|iPhone.ActiveCfg = Debug|Any CPU
		{2821E81F-4CD5-4F23-B6C0-FF9B8DD95A24}.Debug|iPhone.Build.0 = Debug|Any CPU
		{2821E81F-4CD5-4F23-B6C0-FF9B8DD95A24}.Debug|iPhone.Deploy.0 = Debug|Any CPU
		{2821E81F-4CD5-4F23-B6C0-FF9B8DD95A24}.Debug|iPhoneSimulator.ActiveCfg = Debug|Any CPU
		{2821E81F-4CD5-4F23-B6C0-FF9B8DD95A24}.Debug|iPhoneSimulator.Build.0 = Debug|Any CPU
		{2821E81F-4CD5-4F23-B6C0-FF9B8DD95A24}.Debug|iPhoneSimulator.Deploy.0 = Debug|Any CPU
		{2821E81F-4CD5-4F23-B6C0-FF9B8DD95A24}.Release|Any CPU.ActiveCfg = Release|Any CPU
		{2821E81F-4CD5-4F23-B6C0-FF9B8DD95A24}.Release|Any CPU.Build.0 = Release|Any CPU
		{2821E81F-4CD5-4F23-B6C0-FF9B8DD95A24}.Release|Any CPU.Deploy.0 = Release|Any CPU
		{2821E81F-4CD5-4F23-B6C0-FF9B8DD95A24}.Release|iPhone.ActiveCfg = Release|Any CPU
		{2821E81F-4CD5-4F23-B6C0-FF9B8DD95A24}.Release|iPhone.Build.0 = Release|Any CPU
		{2821E81F-4CD5-4F23-B6C0-FF9B8DD95A24}.Release|iPhone.Deploy.0 = Release|Any CPU
		{2821E81F-4CD5-4F23-B6C0-FF9B8DD95A24}.Release|iPhoneSimulator.ActiveCfg = Release|Any CPU
		{2821E81F-4CD5-4F23-B6C0-FF9B8DD95A24}.Release|iPhoneSimulator.Build.0 = Release|Any CPU
		{2821E81F-4CD5-4F23-B6C0-FF9B8DD95A24}.Release|iPhoneSimulator.Deploy.0 = Release|Any CPU
		{808F44B2-B2A3-4B2D-B765-CED6D199069B}.Ad-Hoc|Any CPU.ActiveCfg = Ad-Hoc|iPhone
		{808F44B2-B2A3-4B2D-B765-CED6D199069B}.Ad-Hoc|Any CPU.Build.0 = Ad-Hoc|iPhone
		{808F44B2-B2A3-4B2D-B765-CED6D199069B}.Ad-Hoc|Any CPU.Deploy.0 = Ad-Hoc|iPhone
		{808F44B2-B2A3-4B2D-B765-CED6D199069B}.Ad-Hoc|iPhone.ActiveCfg = Ad-Hoc|iPhone
		{808F44B2-B2A3-4B2D-B765-CED6D199069B}.Ad-Hoc|iPhone.Build.0 = Ad-Hoc|iPhone
		{808F44B2-B2A3-4B2D-B765-CED6D199069B}.Ad-Hoc|iPhone.Deploy.0 = Ad-Hoc|iPhone
		{808F44B2-B2A3-4B2D-B765-CED6D199069B}.Ad-Hoc|iPhoneSimulator.ActiveCfg = Ad-Hoc|iPhoneSimulator
		{808F44B2-B2A3-4B2D-B765-CED6D199069B}.Ad-Hoc|iPhoneSimulator.Build.0 = Ad-Hoc|iPhoneSimulator
		{808F44B2-B2A3-4B2D-B765-CED6D199069B}.Ad-Hoc|iPhoneSimulator.Deploy.0 = Ad-Hoc|iPhoneSimulator
		{808F44B2-B2A3-4B2D-B765-CED6D199069B}.AppStore|Any CPU.ActiveCfg = AppStore|iPhone
		{808F44B2-B2A3-4B2D-B765-CED6D199069B}.AppStore|Any CPU.Build.0 = AppStore|iPhone
		{808F44B2-B2A3-4B2D-B765-CED6D199069B}.AppStore|Any CPU.Deploy.0 = AppStore|iPhone
		{808F44B2-B2A3-4B2D-B765-CED6D199069B}.AppStore|iPhone.ActiveCfg = AppStore|iPhone
		{808F44B2-B2A3-4B2D-B765-CED6D199069B}.AppStore|iPhone.Build.0 = AppStore|iPhone
		{808F44B2-B2A3-4B2D-B765-CED6D199069B}.AppStore|iPhone.Deploy.0 = AppStore|iPhone
		{808F44B2-B2A3-4B2D-B765-CED6D199069B}.AppStore|iPhoneSimulator.ActiveCfg = AppStore|iPhoneSimulator
		{808F44B2-B2A3-4B2D-B765-CED6D199069B}.AppStore|iPhoneSimulator.Build.0 = AppStore|iPhoneSimulator
		{808F44B2-B2A3-4B2D-B765-CED6D199069B}.AppStore|iPhoneSimulator.Deploy.0 = AppStore|iPhoneSimulator
		{808F44B2-B2A3-4B2D-B765-CED6D199069B}.Debug|Any CPU.ActiveCfg = Debug|iPhoneSimulator
		{808F44B2-B2A3-4B2D-B765-CED6D199069B}.Debug|Any CPU.Build.0 = Debug|iPhoneSimulator
		{808F44B2-B2A3-4B2D-B765-CED6D199069B}.Debug|Any CPU.Deploy.0 = Debug|iPhoneSimulator
		{808F44B2-B2A3-4B2D-B765-CED6D199069B}.Debug|iPhone.ActiveCfg = Debug|iPhone
		{808F44B2-B2A3-4B2D-B765-CED6D199069B}.Debug|iPhone.Build.0 = Debug|iPhone
		{808F44B2-B2A3-4B2D-B765-CED6D199069B}.Debug|iPhone.Deploy.0 = Debug|iPhone
		{808F44B2-B2A3-4B2D-B765-CED6D199069B}.Debug|iPhoneSimulator.ActiveCfg = Debug|iPhoneSimulator
		{808F44B2-B2A3-4B2D-B765-CED6D199069B}.Debug|iPhoneSimulator.Build.0 = Debug|iPhoneSimulator
		{808F44B2-B2A3-4B2D-B765-CED6D199069B}.Debug|iPhoneSimulator.Deploy.0 = Debug|iPhoneSimulator
		{808F44B2-B2A3-4B2D-B765-CED6D199069B}.Release|Any CPU.ActiveCfg = Release|iPhone
		{808F44B2-B2A3-4B2D-B765-CED6D199069B}.Release|Any CPU.Build.0 = Release|iPhone
		{808F44B2-B2A3-4B2D-B765-CED6D199069B}.Release|Any CPU.Deploy.0 = Release|iPhone
		{808F44B2-B2A3-4B2D-B765-CED6D199069B}.Release|iPhone.ActiveCfg = Release|iPhone
		{808F44B2-B2A3-4B2D-B765-CED6D199069B}.Release|iPhone.Build.0 = Release|iPhone
		{808F44B2-B2A3-4B2D-B765-CED6D199069B}.Release|iPhone.Deploy.0 = Release|iPhone
		{808F44B2-B2A3-4B2D-B765-CED6D199069B}.Release|iPhoneSimulator.ActiveCfg = Release|iPhoneSimulator
		{808F44B2-B2A3-4B2D-B765-CED6D199069B}.Release|iPhoneSimulator.Build.0 = Release|iPhoneSimulator
		{808F44B2-B2A3-4B2D-B765-CED6D199069B}.Release|iPhoneSimulator.Deploy.0 = Release|iPhoneSimulator
		{C915E91D-60E9-43FF-849D-624F7CF588EC}.Ad-Hoc|Any CPU.ActiveCfg = Debug|Any CPU
		{C915E91D-60E9-43FF-849D-624F7CF588EC}.Ad-Hoc|Any CPU.Build.0 = Debug|Any CPU
		{C915E91D-60E9-43FF-849D-624F7CF588EC}.Ad-Hoc|Any CPU.Deploy.0 = Debug|Any CPU
		{C915E91D-60E9-43FF-849D-624F7CF588EC}.Ad-Hoc|iPhone.ActiveCfg = Debug|Any CPU
		{C915E91D-60E9-43FF-849D-624F7CF588EC}.Ad-Hoc|iPhone.Build.0 = Debug|Any CPU
		{C915E91D-60E9-43FF-849D-624F7CF588EC}.Ad-Hoc|iPhone.Deploy.0 = Debug|Any CPU
		{C915E91D-60E9-43FF-849D-624F7CF588EC}.Ad-Hoc|iPhoneSimulator.ActiveCfg = Debug|Any CPU
		{C915E91D-60E9-43FF-849D-624F7CF588EC}.Ad-Hoc|iPhoneSimulator.Build.0 = Debug|Any CPU
		{C915E91D-60E9-43FF-849D-624F7CF588EC}.Ad-Hoc|iPhoneSimulator.Deploy.0 = Debug|Any CPU
		{C915E91D-60E9-43FF-849D-624F7CF588EC}.AppStore|Any CPU.ActiveCfg = Debug|Any CPU
		{C915E91D-60E9-43FF-849D-624F7CF588EC}.AppStore|Any CPU.Build.0 = Debug|Any CPU
		{C915E91D-60E9-43FF-849D-624F7CF588EC}.AppStore|Any CPU.Deploy.0 = Debug|Any CPU
		{C915E91D-60E9-43FF-849D-624F7CF588EC}.AppStore|iPhone.ActiveCfg = Debug|Any CPU
		{C915E91D-60E9-43FF-849D-624F7CF588EC}.AppStore|iPhone.Build.0 = Debug|Any CPU
		{C915E91D-60E9-43FF-849D-624F7CF588EC}.AppStore|iPhone.Deploy.0 = Debug|Any CPU
		{C915E91D-60E9-43FF-849D-624F7CF588EC}.AppStore|iPhoneSimulator.ActiveCfg = Debug|Any CPU
		{C915E91D-60E9-43FF-849D-624F7CF588EC}.AppStore|iPhoneSimulator.Build.0 = Debug|Any CPU
		{C915E91D-60E9-43FF-849D-624F7CF588EC}.AppStore|iPhoneSimulator.Deploy.0 = Debug|Any CPU
		{C915E91D-60E9-43FF-849D-624F7CF588EC}.Debug|Any CPU.ActiveCfg = Debug|Any CPU
		{C915E91D-60E9-43FF-849D-624F7CF588EC}.Debug|Any CPU.Build.0 = Debug|Any CPU
		{C915E91D-60E9-43FF-849D-624F7CF588EC}.Debug|Any CPU.Deploy.0 = Debug|Any CPU
		{C915E91D-60E9-43FF-849D-624F7CF588EC}.Debug|iPhone.ActiveCfg = Debug|Any CPU
		{C915E91D-60E9-43FF-849D-624F7CF588EC}.Debug|iPhone.Build.0 = Debug|Any CPU
		{C915E91D-60E9-43FF-849D-624F7CF588EC}.Debug|iPhone.Deploy.0 = Debug|Any CPU
		{C915E91D-60E9-43FF-849D-624F7CF588EC}.Debug|iPhoneSimulator.ActiveCfg = Debug|Any CPU
		{C915E91D-60E9-43FF-849D-624F7CF588EC}.Debug|iPhoneSimulator.Build.0 = Debug|Any CPU
		{C915E91D-60E9-43FF-849D-624F7CF588EC}.Debug|iPhoneSimulator.Deploy.0 = Debug|Any CPU
		{C915E91D-60E9-43FF-849D-624F7CF588EC}.Release|Any CPU.ActiveCfg = Release|Any CPU
		{C915E91D-60E9-43FF-849D-624F7CF588EC}.Release|Any CPU.Build.0 = Release|Any CPU
		{C915E91D-60E9-43FF-849D-624F7CF588EC}.Release|Any CPU.Deploy.0 = Release|Any CPU
		{C915E91D-60E9-43FF-849D-624F7CF588EC}.Release|iPhone.ActiveCfg = Release|Any CPU
		{C915E91D-60E9-43FF-849D-624F7CF588EC}.Release|iPhone.Build.0 = Release|Any CPU
		{C915E91D-60E9-43FF-849D-624F7CF588EC}.Release|iPhone.Deploy.0 = Release|Any CPU
		{C915E91D-60E9-43FF-849D-624F7CF588EC}.Release|iPhoneSimulator.ActiveCfg = Release|Any CPU
		{C915E91D-60E9-43FF-849D-624F7CF588EC}.Release|iPhoneSimulator.Build.0 = Release|Any CPU
		{C915E91D-60E9-43FF-849D-624F7CF588EC}.Release|iPhoneSimulator.Deploy.0 = Release|Any CPU
	EndGlobalSection
	GlobalSection(SolutionProperties) = preSolution
		HideSolutionNode = FALSE
	EndGlobalSection
	GlobalSection(ExtensibilityGlobals) = postSolution
		SolutionGuid = {ADC3107D-9999-49A9-9740-1DB9F73F9DD9}
	EndGlobalSection
EndGlobal
