
Microsoft Visual Studio Solution File, Format Version 12.00
# Visual Studio 15
VisualStudioVersion = 15.0.28307.421
MinimumVisualStudioVersion = 10.0.40219.1
Project("{FAE04EC0-301F-11D3-BF4B-00C04F79EFBC}") = "Layouts2.Android", "Layouts2\Layouts2.Android\Layouts2.Android.csproj", "{C4A1AB5B-1800-4542-9BFE-919B634D26BA}"
EndProject
Project("{FAE04EC0-301F-11D3-BF4B-00C04F79EFBC}") = "Layouts2.iOS", "Layouts2\Layouts2.iOS\Layouts2.iOS.csproj", "{D895C92D-ED72-4D82-9275-6E05B316F754}"
EndProject
Project("{FAE04EC0-301F-11D3-BF4B-00C04F79EFBC}") = "Layouts2", "Layouts2\Layouts2\Layouts2.csproj", "{FF2438B8-7420-49E6-A535-A9D769F36E00}"
EndProject
Global
	GlobalSection(SolutionConfigurationPlatforms) = preSolution
		Ad-Hoc|Any CPU = Ad-Hoc|Any CPU
		Ad-Hoc|iPhone = Ad-Hoc|iPhone
		Ad-Hoc|iPhoneSimulator = Ad-Hoc|iPhoneSimulator
		AppStore|Any CPU = AppStore|Any CPU
		AppStore|iPhone = AppStore|iPhone
		AppStore|iPhoneSimulator = AppStore|iPhoneSimulator
		Debug|Any CPU = Debug|Any CPU
		Debug|iPhone = Debug|iPhone
		Debug|iPhoneSimulator = Debug|iPhoneSimulator
		Release|Any CPU = Release|Any CPU
		Release|iPhone = Release|iPhone
		Release|iPhoneSimulator = Release|iPhoneSimulator
	EndGlobalSection
	GlobalSection(ProjectConfigurationPlatforms) = postSolution
		{C4A1AB5B-1800-4542-9BFE-919B634D26BA}.Ad-Hoc|Any CPU.ActiveCfg = Release|Any CPU
		{C4A1AB5B-1800-4542-9BFE-919B634D26BA}.Ad-Hoc|Any CPU.Build.0 = Release|Any CPU
		{C4A1AB5B-1800-4542-9BFE-919B634D26BA}.Ad-Hoc|Any CPU.Deploy.0 = Release|Any CPU
		{C4A1AB5B-1800-4542-9BFE-919B634D26BA}.Ad-Hoc|iPhone.ActiveCfg = Release|Any CPU
		{C4A1AB5B-1800-4542-9BFE-919B634D26BA}.Ad-Hoc|iPhone.Build.0 = Release|Any CPU
		{C4A1AB5B-1800-4542-9BFE-919B634D26BA}.Ad-Hoc|iPhone.Deploy.0 = Release|Any CPU
		{C4A1AB5B-1800-4542-9BFE-919B634D26BA}.Ad-Hoc|iPhoneSimulator.ActiveCfg = Release|Any CPU
		{C4A1AB5B-1800-4542-9BFE-919B634D26BA}.Ad-Hoc|iPhoneSimulator.Build.0 = Release|Any CPU
		{C4A1AB5B-1800-4542-9BFE-919B634D26BA}.Ad-Hoc|iPhoneSimulator.Deploy.0 = Release|Any CPU
		{C4A1AB5B-1800-4542-9BFE-919B634D26BA}.AppStore|Any CPU.ActiveCfg = Release|Any CPU
		{C4A1AB5B-1800-4542-9BFE-919B634D26BA}.AppStore|Any CPU.Build.0 = Release|Any CPU
		{C4A1AB5B-1800-4542-9BFE-919B634D26BA}.AppStore|Any CPU.Deploy.0 = Release|Any CPU
		{C4A1AB5B-1800-4542-9BFE-919B634D26BA}.AppStore|iPhone.ActiveCfg = Release|Any CPU
		{C4A1AB5B-1800-4542-9BFE-919B634D26BA}.AppStore|iPhone.Build.0 = Release|Any CPU
		{C4A1AB5B-1800-4542-9BFE-919B634D26BA}.AppStore|iPhone.Deploy.0 = Release|Any CPU
		{C4A1AB5B-1800-4542-9BFE-919B634D26BA}.AppStore|iPhoneSimulator.ActiveCfg = Release|Any CPU
		{C4A1AB5B-1800-4542-9BFE-919B634D26BA}.AppStore|iPhoneSimulator.Build.0 = Release|Any CPU
		{C4A1AB5B-1800-4542-9BFE-919B634D26BA}.AppStore|iPhoneSimulator.Deploy.0 = Release|Any CPU
		{C4A1AB5B-1800-4542-9BFE-919B634D26BA}.Debug|Any CPU.ActiveCfg = Debug|Any CPU
		{C4A1AB5B-1800-4542-9BFE-919B634D26BA}.Debug|Any CPU.Build.0 = Debug|Any CPU
		{C4A1AB5B-1800-4542-9BFE-919B634D26BA}.Debug|Any CPU.Deploy.0 = Debug|Any CPU
		{C4A1AB5B-1800-4542-9BFE-919B634D26BA}.Debug|iPhone.ActiveCfg = Debug|Any CPU
		{C4A1AB5B-1800-4542-9BFE-919B634D26BA}.Debug|iPhone.Build.0 = Debug|Any CPU
		{C4A1AB5B-1800-4542-9BFE-919B634D26BA}.Debug|iPhone.Deploy.0 = Debug|Any CPU
		{C4A1AB5B-1800-4542-9BFE-919B634D26BA}.Debug|iPhoneSimulator.ActiveCfg = Debug|Any CPU
		{C4A1AB5B-1800-4542-9BFE-919B634D26BA}.Debug|iPhoneSimulator.Build.0 = Debug|Any CPU
		{C4A1AB5B-1800-4542-9BFE-919B634D26BA}.Debug|iPhoneSimulator.Deploy.0 = Debug|Any CPU
		{C4A1AB5B-1800-4542-9BFE-919B634D26BA}.Release|Any CPU.ActiveCfg = Release|Any CPU
		{C4A1AB5B-1800-4542-9BFE-919B634D26BA}.Release|Any CPU.Build.0 = Release|Any CPU
		{C4A1AB5B-1800-4542-9BFE-919B634D26BA}.Release|Any CPU.Deploy.0 = Release|Any CPU
		{C4A1AB5B-1800-4542-9BFE-919B634D26BA}.Release|iPhone.ActiveCfg = Release|Any CPU
		{C4A1AB5B-1800-4542-9BFE-919B634D26BA}.Release|iPhone.Build.0 = Release|Any CPU
		{C4A1AB5B-1800-4542-9BFE-919B634D26BA}.Release|iPhone.Deploy.0 = Release|Any CPU
		{C4A1AB5B-1800-4542-9BFE-919B634D26BA}.Release|iPhoneSimulator.ActiveCfg = Release|Any CPU
		{C4A1AB5B-1800-4542-9BFE-919B634D26BA}.Release|iPhoneSimulator.Build.0 = Release|Any CPU
		{C4A1AB5B-1800-4542-9BFE-919B634D26BA}.Release|iPhoneSimulator.Deploy.0 = Release|Any CPU
		{D895C92D-ED72-4D82-9275-6E05B316F754}.Ad-Hoc|Any CPU.ActiveCfg = Ad-Hoc|iPhone
		{D895C92D-ED72-4D82-9275-6E05B316F754}.Ad-Hoc|Any CPU.Build.0 = Ad-Hoc|iPhone
		{D895C92D-ED72-4D82-9275-6E05B316F754}.Ad-Hoc|Any CPU.Deploy.0 = Ad-Hoc|iPhone
		{D895C92D-ED72-4D82-9275-6E05B316F754}.Ad-Hoc|iPhone.ActiveCfg = Ad-Hoc|iPhone
		{D895C92D-ED72-4D82-9275-6E05B316F754}.Ad-Hoc|iPhone.Build.0 = Ad-Hoc|iPhone
		{D895C92D-ED72-4D82-9275-6E05B316F754}.Ad-Hoc|iPhone.Deploy.0 = Ad-Hoc|iPhone
		{D895C92D-ED72-4D82-9275-6E05B316F754}.Ad-Hoc|iPhoneSimulator.ActiveCfg = Ad-Hoc|iPhoneSimulator
		{D895C92D-ED72-4D82-9275-6E05B316F754}.Ad-Hoc|iPhoneSimulator.Build.0 = Ad-Hoc|iPhoneSimulator
		{D895C92D-ED72-4D82-9275-6E05B316F754}.Ad-Hoc|iPhoneSimulator.Deploy.0 = Ad-Hoc|iPhoneSimulator
		{D895C92D-ED72-4D82-9275-6E05B316F754}.AppStore|Any CPU.ActiveCfg = AppStore|iPhone
		{D895C92D-ED72-4D82-9275-6E05B316F754}.AppStore|Any CPU.Build.0 = AppStore|iPhone
		{D895C92D-ED72-4D82-9275-6E05B316F754}.AppStore|Any CPU.Deploy.0 = AppStore|iPhone
		{D895C92D-ED72-4D82-9275-6E05B316F754}.AppStore|iPhone.ActiveCfg = AppStore|iPhone
		{D895C92D-ED72-4D82-9275-6E05B316F754}.AppStore|iPhone.Build.0 = AppStore|iPhone
		{D895C92D-ED72-4D82-9275-6E05B316F754}.AppStore|iPhone.Deploy.0 = AppStore|iPhone
		{D895C92D-ED72-4D82-9275-6E05B316F754}.AppStore|iPhoneSimulator.ActiveCfg = AppStore|iPhoneSimulator
		{D895C92D-ED72-4D82-9275-6E05B316F754}.AppStore|iPhoneSimulator.Build.0 = AppStore|iPhoneSimulator
		{D895C92D-ED72-4D82-9275-6E05B316F754}.AppStore|iPhoneSimulator.Deploy.0 = AppStore|iPhoneSimulator
		{D895C92D-ED72-4D82-9275-6E05B316F754}.Debug|Any CPU.ActiveCfg = Debug|iPhoneSimulator
		{D895C92D-ED72-4D82-9275-6E05B316F754}.Debug|Any CPU.Build.0 = Debug|iPhoneSimulator
		{D895C92D-ED72-4D82-9275-6E05B316F754}.Debug|Any CPU.Deploy.0 = Debug|iPhoneSimulator
		{D895C92D-ED72-4D82-9275-6E05B316F754}.Debug|iPhone.ActiveCfg = Debug|iPhone
		{D895C92D-ED72-4D82-9275-6E05B316F754}.Debug|iPhone.Build.0 = Debug|iPhone
		{D895C92D-ED72-4D82-9275-6E05B316F754}.Debug|iPhone.Deploy.0 = Debug|iPhone
		{D895C92D-ED72-4D82-9275-6E05B316F754}.Debug|iPhoneSimulator.ActiveCfg = Debug|iPhoneSimulator
		{D895C92D-ED72-4D82-9275-6E05B316F754}.Debug|iPhoneSimulator.Build.0 = Debug|iPhoneSimulator
		{D895C92D-ED72-4D82-9275-6E05B316F754}.Debug|iPhoneSimulator.Deploy.0 = Debug|iPhoneSimulator
		{D895C92D-ED72-4D82-9275-6E05B316F754}.Release|Any CPU.ActiveCfg = Release|iPhone
		{D895C92D-ED72-4D82-9275-6E05B316F754}.Release|Any CPU.Build.0 = Release|iPhone
		{D895C92D-ED72-4D82-9275-6E05B316F754}.Release|Any CPU.Deploy.0 = Release|iPhone
		{D895C92D-ED72-4D82-9275-6E05B316F754}.Release|iPhone.ActiveCfg = Release|iPhone
		{D895C92D-ED72-4D82-9275-6E05B316F754}.Release|iPhone.Build.0 = Release|iPhone
		{D895C92D-ED72-4D82-9275-6E05B316F754}.Release|iPhone.Deploy.0 = Release|iPhone
		{D895C92D-ED72-4D82-9275-6E05B316F754}.Release|iPhoneSimulator.ActiveCfg = Release|iPhoneSimulator
		{D895C92D-ED72-4D82-9275-6E05B316F754}.Release|iPhoneSimulator.Build.0 = Release|iPhoneSimulator
		{D895C92D-ED72-4D82-9275-6E05B316F754}.Release|iPhoneSimulator.Deploy.0 = Release|iPhoneSimulator
		{FF2438B8-7420-49E6-A535-A9D769F36E00}.Ad-Hoc|Any CPU.ActiveCfg = Debug|Any CPU
		{FF2438B8-7420-49E6-A535-A9D769F36E00}.Ad-Hoc|Any CPU.Build.0 = Debug|Any CPU
		{FF2438B8-7420-49E6-A535-A9D769F36E00}.Ad-Hoc|Any CPU.Deploy.0 = Debug|Any CPU
		{FF2438B8-7420-49E6-A535-A9D769F36E00}.Ad-Hoc|iPhone.ActiveCfg = Debug|Any CPU
		{FF2438B8-7420-49E6-A535-A9D769F36E00}.Ad-Hoc|iPhone.Build.0 = Debug|Any CPU
		{FF2438B8-7420-49E6-A535-A9D769F36E00}.Ad-Hoc|iPhone.Deploy.0 = Debug|Any CPU
		{FF2438B8-7420-49E6-A535-A9D769F36E00}.Ad-Hoc|iPhoneSimulator.ActiveCfg = Debug|Any CPU
		{FF2438B8-7420-49E6-A535-A9D769F36E00}.Ad-Hoc|iPhoneSimulator.Build.0 = Debug|Any CPU
		{FF2438B8-7420-49E6-A535-A9D769F36E00}.Ad-Hoc|iPhoneSimulator.Deploy.0 = Debug|Any CPU
		{FF2438B8-7420-49E6-A535-A9D769F36E00}.AppStore|Any CPU.ActiveCfg = Debug|Any CPU
		{FF2438B8-7420-49E6-A535-A9D769F36E00}.AppStore|Any CPU.Build.0 = Debug|Any CPU
		{FF2438B8-7420-49E6-A535-A9D769F36E00}.AppStore|Any CPU.Deploy.0 = Debug|Any CPU
		{FF2438B8-7420-49E6-A535-A9D769F36E00}.AppStore|iPhone.ActiveCfg = Debug|Any CPU
		{FF2438B8-7420-49E6-A535-A9D769F36E00}.AppStore|iPhone.Build.0 = Debug|Any CPU
		{FF2438B8-7420-49E6-A535-A9D769F36E00}.AppStore|iPhone.Deploy.0 = Debug|Any CPU
		{FF2438B8-7420-49E6-A535-A9D769F36E00}.AppStore|iPhoneSimulator.ActiveCfg = Debug|Any CPU
		{FF2438B8-7420-49E6-A535-A9D769F36E00}.AppStore|iPhoneSimulator.Build.0 = Debug|Any CPU
		{FF2438B8-7420-49E6-A535-A9D769F36E00}.AppStore|iPhoneSimulator.Deploy.0 = Debug|Any CPU
		{FF2438B8-7420-49E6-A535-A9D769F36E00}.Debug|Any CPU.ActiveCfg = Debug|Any CPU
		{FF2438B8-7420-49E6-A535-A9D769F36E00}.Debug|Any CPU.Build.0 = Debug|Any CPU
		{FF2438B8-7420-49E6-A535-A9D769F36E00}.Debug|Any CPU.Deploy.0 = Debug|Any CPU
		{FF2438B8-7420-49E6-A535-A9D769F36E00}.Debug|iPhone.ActiveCfg = Debug|Any CPU
		{FF2438B8-7420-49E6-A535-A9D769F36E00}.Debug|iPhone.Build.0 = Debug|Any CPU
		{FF2438B8-7420-49E6-A535-A9D769F36E00}.Debug|iPhone.Deploy.0 = Debug|Any CPU
		{FF2438B8-7420-49E6-A535-A9D769F36E00}.Debug|iPhoneSimulator.ActiveCfg = Debug|Any CPU
		{FF2438B8-7420-49E6-A535-A9D769F36E00}.Debug|iPhoneSimulator.Build.0 = Debug|Any CPU
		{FF2438B8-7420-49E6-A535-A9D769F36E00}.Debug|iPhoneSimulator.Deploy.0 = Debug|Any CPU
		{FF2438B8-7420-49E6-A535-A9D769F36E00}.Release|Any CPU.ActiveCfg = Release|Any CPU
		{FF2438B8-7420-49E6-A535-A9D769F36E00}.Release|Any CPU.Build.0 = Release|Any CPU
		{FF2438B8-7420-49E6-A535-A9D769F36E00}.Release|Any CPU.Deploy.0 = Release|Any CPU
		{FF2438B8-7420-49E6-A535-A9D769F36E00}.Release|iPhone.ActiveCfg = Release|Any CPU
		{FF2438B8-7420-49E6-A535-A9D769F36E00}.Release|iPhone.Build.0 = Release|Any CPU
		{FF2438B8-7420-49E6-A535-A9D769F36E00}.Release|iPhone.Deploy.0 = Release|Any CPU
		{FF2438B8-7420-49E6-A535-A9D769F36E00}.Release|iPhoneSimulator.ActiveCfg = Release|Any CPU
		{FF2438B8-7420-49E6-A535-A9D769F36E00}.Release|iPhoneSimulator.Build.0 = Release|Any CPU
		{FF2438B8-7420-49E6-A535-A9D769F36E00}.Release|iPhoneSimulator.Deploy.0 = Release|Any CPU
	EndGlobalSection
	GlobalSection(SolutionProperties) = preSolution
		HideSolutionNode = FALSE
	EndGlobalSection
	GlobalSection(ExtensibilityGlobals) = postSolution
		SolutionGuid = {A3062C44-77EB-4AD5-86A0-0A27BC23ACAB}
	EndGlobalSection
EndGlobal
